
Microsoft Visual Studio Solution File, Format Version 12.00
# Visual Studio Version 17
VisualStudioVersion = 17.10.35122.118
MinimumVisualStudioVersion = 10.0.40219.1
Project("{FAE04EC0-301F-11D3-BF4B-00C04F79EFBC}") = "NorthWindDemo.Web", "NorthWindDemo.Web\NorthWindDemo.Web.csproj", "{E8796289-7EFA-410C-BB25-229D8A0D5F8E}"
EndProject
Project("{FAE04EC0-301F-11D3-BF4B-00C04F79EFBC}") = "NorthWindDemo.Web.Tests", "NorthWindDemo.Web.Tests\NorthWindDemo.Web.Tests.csproj", "{9016B5A0-307A-4F0E-AD0C-71C488ECB842}"
EndProject
Project("{FAE04EC0-301F-11D3-BF4B-00C04F79EFBC}") = "NorthWindDemo.Models", "NorthWindDemo.Models\NorthWindDemo.Models.csproj", "{5B3B8A2E-4206-448E-9B4D-8B3C2A7C6CF8}"
EndProject
Project("{FAE04EC0-301F-11D3-BF4B-00C04F79EFBC}") = "NorthWindDemo.Service", "NorthWindDemo.Service\NorthWindDemo.Service.csproj", "{E2FAF20B-8EB3-45D4-A9D7-93A3863C1EB5}"
EndProject
Global
	GlobalSection(SolutionConfigurationPlatforms) = preSolution
		Debug|Any CPU = Debug|Any CPU
		Release|Any CPU = Release|Any CPU
	EndGlobalSection
	GlobalSection(ProjectConfigurationPlatforms) = postSolution
		{E8796289-7EFA-410C-BB25-229D8A0D5F8E}.Debug|Any CPU.ActiveCfg = Debug|Any CPU
		{E8796289-7EFA-410C-BB25-229D8A0D5F8E}.Debug|Any CPU.Build.0 = Debug|Any CPU
		{E8796289-7EFA-410C-BB25-229D8A0D5F8E}.Release|Any CPU.ActiveCfg = Release|Any CPU
		{E8796289-7EFA-410C-BB25-229D8A0D5F8E}.Release|Any CPU.Build.0 = Release|Any CPU
		{9016B5A0-307A-4F0E-AD0C-71C488ECB842}.Debug|Any CPU.ActiveCfg = Debug|Any CPU
		{9016B5A0-307A-4F0E-AD0C-71C488ECB842}.Debug|Any CPU.Build.0 = Debug|Any CPU
		{9016B5A0-307A-4F0E-AD0C-71C488ECB842}.Release|Any CPU.ActiveCfg = Release|Any CPU
		{9016B5A0-307A-4F0E-AD0C-71C488ECB842}.Release|Any CPU.Build.0 = Release|Any CPU
		{5B3B8A2E-4206-448E-9B4D-8B3C2A7C6CF8}.Debug|Any CPU.ActiveCfg = Debug|Any CPU
		{5B3B8A2E-4206-448E-9B4D-8B3C2A7C6CF8}.Debug|Any CPU.Build.0 = Debug|Any CPU
		{5B3B8A2E-4206-448E-9B4D-8B3C2A7C6CF8}.Release|Any CPU.ActiveCfg = Release|Any CPU
		{5B3B8A2E-4206-448E-9B4D-8B3C2A7C6CF8}.Release|Any CPU.Build.0 = Release|Any CPU
		{E2FAF20B-8EB3-45D4-A9D7-93A3863C1EB5}.Debug|Any CPU.ActiveCfg = Debug|Any CPU
		{E2FAF20B-8EB3-45D4-A9D7-93A3863C1EB5}.Debug|Any CPU.Build.0 = Debug|Any CPU
		{E2FAF20B-8EB3-45D4-A9D7-93A3863C1EB5}.Release|Any CPU.ActiveCfg = Release|Any CPU
		{E2FAF20B-8EB3-45D4-A9D7-93A3863C1EB5}.Release|Any CPU.Build.0 = Release|Any CPU
	EndGlobalSection
	GlobalSection(SolutionProperties) = preSolution
		HideSolutionNode = FALSE
	EndGlobalSection
	GlobalSection(ExtensibilityGlobals) = postSolution
		SolutionGuid = {8A35049E-B1B7-4C32-8A46-8CA612672E62}
	EndGlobalSection
EndGlobal
